// !$*UTF8*$!
{
	archiveVersion = 1;
	classes = {
	};
	objectVersion = 50;
	objects = {

/* Begin PBXBuildFile section */
		6F3C85AC20BEF538003B84A6 /* LendEdit.storyboard in Resources */ = {isa = PBXBuildFile; fileRef = 6F3C85AB20BEF538003B84A6 /* LendEdit.storyboard */; };
		6F3C85AE20BF0914003B84A6 /* Main.storyboard in Resources */ = {isa = PBXBuildFile; fileRef = 6F3C85AD20BF0914003B84A6 /* Main.storyboard */; };
		6F434BBF20C08B9800B891F0 /* Extensions.swift in Sources */ = {isa = PBXBuildFile; fileRef = 6F434BBE20C08B9800B891F0 /* Extensions.swift */; };
		6FA400FB20B605310096E4B2 /* AppDelegate.swift in Sources */ = {isa = PBXBuildFile; fileRef = 6FA400FA20B605310096E4B2 /* AppDelegate.swift */; };
		6FA4010420B605330096E4B2 /* Assets.xcassets in Resources */ = {isa = PBXBuildFile; fileRef = 6FA4010320B605330096E4B2 /* Assets.xcassets */; };
		6FA4010720B605330096E4B2 /* LaunchScreen.storyboard in Resources */ = {isa = PBXBuildFile; fileRef = 6FA4010520B605330096E4B2 /* LaunchScreen.storyboard */; };
		6FA4011220B605330096E4B2 /* SnaagTests.swift in Sources */ = {isa = PBXBuildFile; fileRef = 6FA4011120B605330096E4B2 /* SnaagTests.swift */; };
		6FA4011D20B605330096E4B2 /* SnaagUITests.swift in Sources */ = {isa = PBXBuildFile; fileRef = 6FA4011C20B605330096E4B2 /* SnaagUITests.swift */; };
		6FA4012D20B60A210096E4B2 /* HomeViewController.swift in Sources */ = {isa = PBXBuildFile; fileRef = 6FA4012C20B60A210096E4B2 /* HomeViewController.swift */; };
		6FA4013120B616560096E4B2 /* Item.swift in Sources */ = {isa = PBXBuildFile; fileRef = 6FA4013020B616560096E4B2 /* Item.swift */; };
		6FA4013320B6168F0096E4B2 /* User.swift in Sources */ = {isa = PBXBuildFile; fileRef = 6FA4013220B6168F0096E4B2 /* User.swift */; };
		6FA4013520B6170C0096E4B2 /* ItemCategory.swift in Sources */ = {isa = PBXBuildFile; fileRef = 6FA4013420B6170C0096E4B2 /* ItemCategory.swift */; };
		6FBCC45120B85AF1007C7C83 /* LendEditViewController.swift in Sources */ = {isa = PBXBuildFile; fileRef = 6FBCC45020B85AF1007C7C83 /* LendEditViewController.swift */; };
/* End PBXBuildFile section */

/* Begin PBXContainerItemProxy section */
		6FA4010E20B605330096E4B2 /* PBXContainerItemProxy */ = {
			isa = PBXContainerItemProxy;
			containerPortal = 6FA400EF20B605310096E4B2 /* Project object */;
			proxyType = 1;
			remoteGlobalIDString = 6FA400F620B605310096E4B2;
			remoteInfo = Snaag;
		};
		6FA4011920B605330096E4B2 /* PBXContainerItemProxy */ = {
			isa = PBXContainerItemProxy;
			containerPortal = 6FA400EF20B605310096E4B2 /* Project object */;
			proxyType = 1;
			remoteGlobalIDString = 6FA400F620B605310096E4B2;
			remoteInfo = Snaag;
		};
/* End PBXContainerItemProxy section */

/* Begin PBXFileReference section */
		6F3C85AB20BEF538003B84A6 /* LendEdit.storyboard */ = {isa = PBXFileReference; lastKnownFileType = file.storyboard; path = LendEdit.storyboard; sourceTree = "<group>"; };
		6F3C85AD20BF0914003B84A6 /* Main.storyboard */ = {isa = PBXFileReference; fileEncoding = 4; lastKnownFileType = file.storyboard; path = Main.storyboard; sourceTree = "<group>"; };
		6F434BBE20C08B9800B891F0 /* Extensions.swift */ = {isa = PBXFileReference; lastKnownFileType = sourcecode.swift; path = Extensions.swift; sourceTree = "<group>"; };
		6FA400F720B605310096E4B2 /* Snaag.app */ = {isa = PBXFileReference; explicitFileType = wrapper.application; includeInIndex = 0; path = Snaag.app; sourceTree = BUILT_PRODUCTS_DIR; };
		6FA400FA20B605310096E4B2 /* AppDelegate.swift */ = {isa = PBXFileReference; lastKnownFileType = sourcecode.swift; path = AppDelegate.swift; sourceTree = "<group>"; };
		6FA4010320B605330096E4B2 /* Assets.xcassets */ = {isa = PBXFileReference; lastKnownFileType = folder.assetcatalog; path = Assets.xcassets; sourceTree = "<group>"; };
		6FA4010620B605330096E4B2 /* Base */ = {isa = PBXFileReference; lastKnownFileType = file.storyboard; name = Base; path = Base.lproj/LaunchScreen.storyboard; sourceTree = "<group>"; };
		6FA4010820B605330096E4B2 /* Info.plist */ = {isa = PBXFileReference; lastKnownFileType = text.plist.xml; path = Info.plist; sourceTree = "<group>"; };
		6FA4010D20B605330096E4B2 /* SnaagTests.xctest */ = {isa = PBXFileReference; explicitFileType = wrapper.cfbundle; includeInIndex = 0; path = SnaagTests.xctest; sourceTree = BUILT_PRODUCTS_DIR; };
		6FA4011120B605330096E4B2 /* SnaagTests.swift */ = {isa = PBXFileReference; lastKnownFileType = sourcecode.swift; path = SnaagTests.swift; sourceTree = "<group>"; };
		6FA4011320B605330096E4B2 /* Info.plist */ = {isa = PBXFileReference; lastKnownFileType = text.plist.xml; path = Info.plist; sourceTree = "<group>"; };
		6FA4011820B605330096E4B2 /* SnaagUITests.xctest */ = {isa = PBXFileReference; explicitFileType = wrapper.cfbundle; includeInIndex = 0; path = SnaagUITests.xctest; sourceTree = BUILT_PRODUCTS_DIR; };
		6FA4011C20B605330096E4B2 /* SnaagUITests.swift */ = {isa = PBXFileReference; lastKnownFileType = sourcecode.swift; path = SnaagUITests.swift; sourceTree = "<group>"; };
		6FA4011E20B605330096E4B2 /* Info.plist */ = {isa = PBXFileReference; lastKnownFileType = text.plist.xml; path = Info.plist; sourceTree = "<group>"; };
		6FA4012C20B60A210096E4B2 /* HomeViewController.swift */ = {isa = PBXFileReference; lastKnownFileType = sourcecode.swift; path = HomeViewController.swift; sourceTree = "<group>"; };
		6FA4013020B616560096E4B2 /* Item.swift */ = {isa = PBXFileReference; lastKnownFileType = sourcecode.swift; path = Item.swift; sourceTree = "<group>"; };
		6FA4013220B6168F0096E4B2 /* User.swift */ = {isa = PBXFileReference; lastKnownFileType = sourcecode.swift; path = User.swift; sourceTree = "<group>"; };
		6FA4013420B6170C0096E4B2 /* ItemCategory.swift */ = {isa = PBXFileReference; lastKnownFileType = sourcecode.swift; path = ItemCategory.swift; sourceTree = "<group>"; };
		6FBCC45020B85AF1007C7C83 /* LendEditViewController.swift */ = {isa = PBXFileReference; lastKnownFileType = sourcecode.swift; path = LendEditViewController.swift; sourceTree = "<group>"; };
/* End PBXFileReference section */

/* Begin PBXFrameworksBuildPhase section */
		6FA400F420B605310096E4B2 /* Frameworks */ = {
			isa = PBXFrameworksBuildPhase;
			buildActionMask = 2147483647;
			files = (
			);
			runOnlyForDeploymentPostprocessing = 0;
		};
		6FA4010A20B605330096E4B2 /* Frameworks */ = {
			isa = PBXFrameworksBuildPhase;
			buildActionMask = 2147483647;
			files = (
			);
			runOnlyForDeploymentPostprocessing = 0;
		};
		6FA4011520B605330096E4B2 /* Frameworks */ = {
			isa = PBXFrameworksBuildPhase;
			buildActionMask = 2147483647;
			files = (
			);
			runOnlyForDeploymentPostprocessing = 0;
		};
/* End PBXFrameworksBuildPhase section */

/* Begin PBXGroup section */
		6FA400EE20B605310096E4B2 = {
			isa = PBXGroup;
			children = (
				6FA400F920B605310096E4B2 /* Snaag */,
				6FA4011020B605330096E4B2 /* SnaagTests */,
				6FA4011B20B605330096E4B2 /* SnaagUITests */,
				6FA400F820B605310096E4B2 /* Products */,
			);
			sourceTree = "<group>";
		};
		6FA400F820B605310096E4B2 /* Products */ = {
			isa = PBXGroup;
			children = (
				6FA400F720B605310096E4B2 /* Snaag.app */,
				6FA4010D20B605330096E4B2 /* SnaagTests.xctest */,
				6FA4011820B605330096E4B2 /* SnaagUITests.xctest */,
			);
			name = Products;
			sourceTree = "<group>";
		};
		6FA400F920B605310096E4B2 /* Snaag */ = {
			isa = PBXGroup;
			children = (
				6FBCC45220B86BD9007C7C83 /* Utility */,
				6FA4012F20B60A450096E4B2 /* Models */,
				6FA4012E20B60A270096E4B2 /* Views */,
				6FA4012B20B6087A0096E4B2 /* Controllers */,
				6FA400FA20B605310096E4B2 /* AppDelegate.swift */,
				6FA4010320B605330096E4B2 /* Assets.xcassets */,
				6FA4010820B605330096E4B2 /* Info.plist */,
			);
			path = Snaag;
			sourceTree = "<group>";
		};
		6FA4011020B605330096E4B2 /* SnaagTests */ = {
			isa = PBXGroup;
			children = (
				6FA4011120B605330096E4B2 /* SnaagTests.swift */,
				6FA4011320B605330096E4B2 /* Info.plist */,
			);
			path = SnaagTests;
			sourceTree = "<group>";
		};
		6FA4011B20B605330096E4B2 /* SnaagUITests */ = {
			isa = PBXGroup;
			children = (
				6FA4011C20B605330096E4B2 /* SnaagUITests.swift */,
				6FA4011E20B605330096E4B2 /* Info.plist */,
			);
			path = SnaagUITests;
			sourceTree = "<group>";
		};
		6FA4012B20B6087A0096E4B2 /* Controllers */ = {
			isa = PBXGroup;
			children = (
				6FA4012C20B60A210096E4B2 /* HomeViewController.swift */,
				6FBCC45020B85AF1007C7C83 /* LendEditViewController.swift */,
			);
			path = Controllers;
			sourceTree = "<group>";
		};
		6FA4012E20B60A270096E4B2 /* Views */ = {
			isa = PBXGroup;
			children = (
				6F3C85AD20BF0914003B84A6 /* Main.storyboard */,
				6FA4010520B605330096E4B2 /* LaunchScreen.storyboard */,
				6F3C85AB20BEF538003B84A6 /* LendEdit.storyboard */,
			);
			path = Views;
			sourceTree = "<group>";
		};
		6FA4012F20B60A450096E4B2 /* Models */ = {
			isa = PBXGroup;
			children = (
				6FA4013020B616560096E4B2 /* Item.swift */,
				6FA4013220B6168F0096E4B2 /* User.swift */,
				6FA4013420B6170C0096E4B2 /* ItemCategory.swift */,
			);
			path = Models;
			sourceTree = "<group>";
		};
		6FBCC45220B86BD9007C7C83 /* Utility */ = {
			isa = PBXGroup;
			children = (
				6F434BBE20C08B9800B891F0 /* Extensions.swift */,
			);
			path = Utility;
			sourceTree = "<group>";
		};
/* End PBXGroup section */

/* Begin PBXNativeTarget section */
		6FA400F620B605310096E4B2 /* Snaag */ = {
			isa = PBXNativeTarget;
			buildConfigurationList = 6FA4012120B605330096E4B2 /* Build configuration list for PBXNativeTarget "Snaag" */;
			buildPhases = (
				6FA400F320B605310096E4B2 /* Sources */,
				6FA400F420B605310096E4B2 /* Frameworks */,
				6FA400F520B605310096E4B2 /* Resources */,
			);
			buildRules = (
			);
			dependencies = (
			);
			name = Snaag;
			productName = Snaag;
			productReference = 6FA400F720B605310096E4B2 /* Snaag.app */;
			productType = "com.apple.product-type.application";
		};
		6FA4010C20B605330096E4B2 /* SnaagTests */ = {
			isa = PBXNativeTarget;
			buildConfigurationList = 6FA4012420B605330096E4B2 /* Build configuration list for PBXNativeTarget "SnaagTests" */;
			buildPhases = (
				6FA4010920B605330096E4B2 /* Sources */,
				6FA4010A20B605330096E4B2 /* Frameworks */,
				6FA4010B20B605330096E4B2 /* Resources */,
			);
			buildRules = (
			);
			dependencies = (
				6FA4010F20B605330096E4B2 /* PBXTargetDependency */,
			);
			name = SnaagTests;
			productName = SnaagTests;
			productReference = 6FA4010D20B605330096E4B2 /* SnaagTests.xctest */;
			productType = "com.apple.product-type.bundle.unit-test";
		};
		6FA4011720B605330096E4B2 /* SnaagUITests */ = {
			isa = PBXNativeTarget;
			buildConfigurationList = 6FA4012720B605330096E4B2 /* Build configuration list for PBXNativeTarget "SnaagUITests" */;
			buildPhases = (
				6FA4011420B605330096E4B2 /* Sources */,
				6FA4011520B605330096E4B2 /* Frameworks */,
				6FA4011620B605330096E4B2 /* Resources */,
			);
			buildRules = (
			);
			dependencies = (
				6FA4011A20B605330096E4B2 /* PBXTargetDependency */,
			);
			name = SnaagUITests;
			productName = SnaagUITests;
			productReference = 6FA4011820B605330096E4B2 /* SnaagUITests.xctest */;
			productType = "com.apple.product-type.bundle.ui-testing";
		};
/* End PBXNativeTarget section */

/* Begin PBXProject section */
		6FA400EF20B605310096E4B2 /* Project object */ = {
			isa = PBXProject;
			attributes = {
				LastSwiftUpdateCheck = 0930;
				LastUpgradeCheck = 0930;
				ORGANIZATIONNAME = "Jaremy Longley";
				TargetAttributes = {
					6FA400F620B605310096E4B2 = {
						CreatedOnToolsVersion = 9.3.1;
					};
					6FA4010C20B605330096E4B2 = {
						CreatedOnToolsVersion = 9.3.1;
						TestTargetID = 6FA400F620B605310096E4B2;
					};
					6FA4011720B605330096E4B2 = {
						CreatedOnToolsVersion = 9.3.1;
						TestTargetID = 6FA400F620B605310096E4B2;
					};
				};
			};
			buildConfigurationList = 6FA400F220B605310096E4B2 /* Build configuration list for PBXProject "Snaag" */;
			compatibilityVersion = "Xcode 9.3";
			developmentRegion = en;
			hasScannedForEncodings = 0;
			knownRegions = (
				en,
				Base,
			);
			mainGroup = 6FA400EE20B605310096E4B2;
			productRefGroup = 6FA400F820B605310096E4B2 /* Products */;
			projectDirPath = "";
			projectRoot = "";
			targets = (
				6FA400F620B605310096E4B2 /* Snaag */,
				6FA4010C20B605330096E4B2 /* SnaagTests */,
				6FA4011720B605330096E4B2 /* SnaagUITests */,
			);
		};
/* End PBXProject section */

/* Begin PBXResourcesBuildPhase section */
		6FA400F520B605310096E4B2 /* Resources */ = {
			isa = PBXResourcesBuildPhase;
			buildActionMask = 2147483647;
			files = (
				6FA4010720B605330096E4B2 /* LaunchScreen.storyboard in Resources */,
				6FA4010420B605330096E4B2 /* Assets.xcassets in Resources */,
				6F3C85AC20BEF538003B84A6 /* LendEdit.storyboard in Resources */,
				6F3C85AE20BF0914003B84A6 /* Main.storyboard in Resources */,
			);
			runOnlyForDeploymentPostprocessing = 0;
		};
		6FA4010B20B605330096E4B2 /* Resources */ = {
			isa = PBXResourcesBuildPhase;
			buildActionMask = 2147483647;
			files = (
			);
			runOnlyForDeploymentPostprocessing = 0;
		};
		6FA4011620B605330096E4B2 /* Resources */ = {
			isa = PBXResourcesBuildPhase;
			buildActionMask = 2147483647;
			files = (
			);
			runOnlyForDeploymentPostprocessing = 0;
		};
/* End PBXResourcesBuildPhase section */

/* Begin PBXSourcesBuildPhase section */
		6FA400F320B605310096E4B2 /* Sources */ = {
			isa = PBXSourcesBuildPhase;
			buildActionMask = 2147483647;
			files = (
				6FA4013320B6168F0096E4B2 /* User.swift in Sources */,
				6FA4013520B6170C0096E4B2 /* ItemCategory.swift in Sources */,
				6FBCC45120B85AF1007C7C83 /* LendEditViewController.swift in Sources */,
				6FA400FB20B605310096E4B2 /* AppDelegate.swift in Sources */,
				6FA4013120B616560096E4B2 /* Item.swift in Sources */,
				6FA4012D20B60A210096E4B2 /* HomeViewController.swift in Sources */,
				6F434BBF20C08B9800B891F0 /* Extensions.swift in Sources */,
			);
			runOnlyForDeploymentPostprocessing = 0;
		};
		6FA4010920B605330096E4B2 /* Sources */ = {
			isa = PBXSourcesBuildPhase;
			buildActionMask = 2147483647;
			files = (
				6FA4011220B605330096E4B2 /* SnaagTests.swift in Sources */,
			);
			runOnlyForDeploymentPostprocessing = 0;
		};
		6FA4011420B605330096E4B2 /* Sources */ = {
			isa = PBXSourcesBuildPhase;
			buildActionMask = 2147483647;
			files = (
				6FA4011D20B605330096E4B2 /* SnaagUITests.swift in Sources */,
			);
			runOnlyForDeploymentPostprocessing = 0;
		};
/* End PBXSourcesBuildPhase section */

/* Begin PBXTargetDependency section */
		6FA4010F20B605330096E4B2 /* PBXTargetDependency */ = {
			isa = PBXTargetDependency;
			target = 6FA400F620B605310096E4B2 /* Snaag */;
			targetProxy = 6FA4010E20B605330096E4B2 /* PBXContainerItemProxy */;
		};
		6FA4011A20B605330096E4B2 /* PBXTargetDependency */ = {
			isa = PBXTargetDependency;
			target = 6FA400F620B605310096E4B2 /* Snaag */;
			targetProxy = 6FA4011920B605330096E4B2 /* PBXContainerItemProxy */;
		};
/* End PBXTargetDependency section */

/* Begin PBXVariantGroup section */
		6FA4010520B605330096E4B2 /* LaunchScreen.storyboard */ = {
			isa = PBXVariantGroup;
			children = (
				6FA4010620B605330096E4B2 /* Base */,
			);
			name = LaunchScreen.storyboard;
			sourceTree = "<group>";
		};
/* End PBXVariantGroup section */

/* Begin XCBuildConfiguration section */
		6FA4011F20B605330096E4B2 /* Debug */ = {
			isa = XCBuildConfiguration;
			buildSettings = {
				ALWAYS_SEARCH_USER_PATHS = NO;
				CLANG_ANALYZER_NONNULL = YES;
				CLANG_ANALYZER_NUMBER_OBJECT_CONVERSION = YES_AGGRESSIVE;
				CLANG_CXX_LANGUAGE_STANDARD = "gnu++14";
				CLANG_CXX_LIBRARY = "libc++";
				CLANG_ENABLE_MODULES = YES;
				CLANG_ENABLE_OBJC_ARC = YES;
				CLANG_ENABLE_OBJC_WEAK = YES;
				CLANG_WARN_BLOCK_CAPTURE_AUTORELEASING = YES;
				CLANG_WARN_BOOL_CONVERSION = YES;
				CLANG_WARN_COMMA = YES;
				CLANG_WARN_CONSTANT_CONVERSION = YES;
				CLANG_WARN_DEPRECATED_OBJC_IMPLEMENTATIONS = YES;
				CLANG_WARN_DIRECT_OBJC_ISA_USAGE = YES_ERROR;
				CLANG_WARN_DOCUMENTATION_COMMENTS = YES;
				CLANG_WARN_EMPTY_BODY = YES;
				CLANG_WARN_ENUM_CONVERSION = YES;
				CLANG_WARN_INFINITE_RECURSION = YES;
				CLANG_WARN_INT_CONVERSION = YES;
				CLANG_WARN_NON_LITERAL_NULL_CONVERSION = YES;
				CLANG_WARN_OBJC_IMPLICIT_RETAIN_SELF = YES;
				CLANG_WARN_OBJC_LITERAL_CONVERSION = YES;
				CLANG_WARN_OBJC_ROOT_CLASS = YES_ERROR;
				CLANG_WARN_RANGE_LOOP_ANALYSIS = YES;
				CLANG_WARN_STRICT_PROTOTYPES = YES;
				CLANG_WARN_SUSPICIOUS_MOVE = YES;
				CLANG_WARN_UNGUARDED_AVAILABILITY = YES_AGGRESSIVE;
				CLANG_WARN_UNREACHABLE_CODE = YES;
				CLANG_WARN__DUPLICATE_METHOD_MATCH = YES;
				CODE_SIGN_IDENTITY = "iPhone Developer";
				COPY_PHASE_STRIP = NO;
				DEBUG_INFORMATION_FORMAT = dwarf;
				ENABLE_STRICT_OBJC_MSGSEND = YES;
				ENABLE_TESTABILITY = YES;
				GCC_C_LANGUAGE_STANDARD = gnu11;
				GCC_DYNAMIC_NO_PIC = NO;
				GCC_NO_COMMON_BLOCKS = YES;
				GCC_OPTIMIZATION_LEVEL = 0;
				GCC_PREPROCESSOR_DEFINITIONS = (
					"DEBUG=1",
					"$(inherited)",
				);
				GCC_WARN_64_TO_32_BIT_CONVERSION = YES;
				GCC_WARN_ABOUT_RETURN_TYPE = YES_ERROR;
				GCC_WARN_UNDECLARED_SELECTOR = YES;
				GCC_WARN_UNINITIALIZED_AUTOS = YES_AGGRESSIVE;
				GCC_WARN_UNUSED_FUNCTION = YES;
				GCC_WARN_UNUSED_VARIABLE = YES;
				IPHONEOS_DEPLOYMENT_TARGET = 11.3;
				MTL_ENABLE_DEBUG_INFO = YES;
				ONLY_ACTIVE_ARCH = YES;
				SDKROOT = iphoneos;
				SWIFT_ACTIVE_COMPILATION_CONDITIONS = DEBUG;
				SWIFT_OPTIMIZATION_LEVEL = "-Onone";
			};
			name = Debug;
		};
		6FA4012020B605330096E4B2 /* Release */ = {
			isa = XCBuildConfiguration;
			buildSettings = {
				ALWAYS_SEARCH_USER_PATHS = NO;
				CLANG_ANALYZER_NONNULL = YES;
				CLANG_ANALYZER_NUMBER_OBJECT_CONVERSION = YES_AGGRESSIVE;
				CLANG_CXX_LANGUAGE_STANDARD = "gnu++14";
				CLANG_CXX_LIBRARY = "libc++";
				CLANG_ENABLE_MODULES = YES;
				CLANG_ENABLE_OBJC_ARC = YES;
				CLANG_ENABLE_OBJC_WEAK = YES;
				CLANG_WARN_BLOCK_CAPTURE_AUTORELEASING = YES;
				CLANG_WARN_BOOL_CONVERSION = YES;
				CLANG_WARN_COMMA = YES;
				CLANG_WARN_CONSTANT_CONVERSION = YES;
				CLANG_WARN_DEPRECATED_OBJC_IMPLEMENTATIONS = YES;
				CLANG_WARN_DIRECT_OBJC_ISA_USAGE = YES_ERROR;
				CLANG_WARN_DOCUMENTATION_COMMENTS = YES;
				CLANG_WARN_EMPTY_BODY = YES;
				CLANG_WARN_ENUM_CONVERSION = YES;
				CLANG_WARN_INFINITE_RECURSION = YES;
				CLANG_WARN_INT_CONVERSION = YES;
				CLANG_WARN_NON_LITERAL_NULL_CONVERSION = YES;
				CLANG_WARN_OBJC_IMPLICIT_RETAIN_SELF = YES;
				CLANG_WARN_OBJC_LITERAL_CONVERSION = YES;
				CLANG_WARN_OBJC_ROOT_CLASS = YES_ERROR;
				CLANG_WARN_RANGE_LOOP_ANALYSIS = YES;
				CLANG_WARN_STRICT_PROTOTYPES = YES;
				CLANG_WARN_SUSPICIOUS_MOVE = YES;
				CLANG_WARN_UNGUARDED_AVAILABILITY = YES_AGGRESSIVE;
				CLANG_WARN_UNREACHABLE_CODE = YES;
				CLANG_WARN__DUPLICATE_METHOD_MATCH = YES;
				CODE_SIGN_IDENTITY = "iPhone Developer";
				COPY_PHASE_STRIP = NO;
				DEBUG_INFORMATION_FORMAT = "dwarf-with-dsym";
				ENABLE_NS_ASSERTIONS = NO;
				ENABLE_STRICT_OBJC_MSGSEND = YES;
				GCC_C_LANGUAGE_STANDARD = gnu11;
				GCC_NO_COMMON_BLOCKS = YES;
				GCC_WARN_64_TO_32_BIT_CONVERSION = YES;
				GCC_WARN_ABOUT_RETURN_TYPE = YES_ERROR;
				GCC_WARN_UNDECLARED_SELECTOR = YES;
				GCC_WARN_UNINITIALIZED_AUTOS = YES_AGGRESSIVE;
				GCC_WARN_UNUSED_FUNCTION = YES;
				GCC_WARN_UNUSED_VARIABLE = YES;
				IPHONEOS_DEPLOYMENT_TARGET = 11.3;
				MTL_ENABLE_DEBUG_INFO = NO;
				SDKROOT = iphoneos;
				SWIFT_COMPILATION_MODE = wholemodule;
				SWIFT_OPTIMIZATION_LEVEL = "-O";
				VALIDATE_PRODUCT = YES;
			};
			name = Release;
		};
		6FA4012220B605330096E4B2 /* Debug */ = {
			isa = XCBuildConfiguration;
			buildSettings = {
				ASSETCATALOG_COMPILER_APPICON_NAME = AppIcon;
				CODE_SIGN_STYLE = Automatic;
				DEVELOPMENT_TEAM = QGJ2DCJ7TA;
				INFOPLIST_FILE = Snaag/Info.plist;
				LD_RUNPATH_SEARCH_PATHS = (
					"$(inherited)",
					"@executable_path/Frameworks",
				);
				PRODUCT_BUNDLE_IDENTIFIER = jaremylongley.Snaag;
				PRODUCT_NAME = "$(TARGET_NAME)";
				SWIFT_VERSION = 4.0;
				TARGETED_DEVICE_FAMILY = "1,2";
			};
			name = Debug;
		};
		6FA4012320B605330096E4B2 /* Release */ = {
			isa = XCBuildConfiguration;
			buildSettings = {
				ASSETCATALOG_COMPILER_APPICON_NAME = AppIcon;
				CODE_SIGN_STYLE = Automatic;
				DEVELOPMENT_TEAM = QGJ2DCJ7TA;
				INFOPLIST_FILE = Snaag/Info.plist;
				LD_RUNPATH_SEARCH_PATHS = (
					"$(inherited)",
					"@executable_path/Frameworks",
				);
				PRODUCT_BUNDLE_IDENTIFIER = jaremylongley.Snaag;
				PRODUCT_NAME = "$(TARGET_NAME)";
				SWIFT_VERSION = 4.0;
				TARGETED_DEVICE_FAMILY = "1,2";
			};
			name = Release;
		};
		6FA4012520B605330096E4B2 /* Debug */ = {
			isa = XCBuildConfiguration;
			buildSettings = {
				ALWAYS_EMBED_SWIFT_STANDARD_LIBRARIES = YES;
				BUNDLE_LOADER = "$(TEST_HOST)";
				CODE_SIGN_STYLE = Automatic;
				DEVELOPMENT_TEAM = QGJ2DCJ7TA;
				INFOPLIST_FILE = SnaagTests/Info.plist;
				LD_RUNPATH_SEARCH_PATHS = (
					"$(inherited)",
					"@executable_path/Frameworks",
					"@loader_path/Frameworks",
				);
				PRODUCT_BUNDLE_IDENTIFIER = jaremylongley.SnaagTests;
				PRODUCT_NAME = "$(TARGET_NAME)";
				SWIFT_VERSION = 4.0;
				TARGETED_DEVICE_FAMILY = "1,2";
				TEST_HOST = "$(BUILT_PRODUCTS_DIR)/Snaag.app/Snaag";
			};
			name = Debug;
		};
		6FA4012620B605330096E4B2 /* Release */ = {
			isa = XCBuildConfiguration;
			buildSettings = {
				ALWAYS_EMBED_SWIFT_STANDARD_LIBRARIES = YES;
				BUNDLE_LOADER = "$(TEST_HOST)";
				CODE_SIGN_STYLE = Automatic;
				DEVELOPMENT_TEAM = QGJ2DCJ7TA;
				INFOPLIST_FILE = SnaagTests/Info.plist;
				LD_RUNPATH_SEARCH_PATHS = (
					"$(inherited)",
					"@executable_path/Frameworks",
					"@loader_path/Frameworks",
				);
				PRODUCT_BUNDLE_IDENTIFIER = jaremylongley.SnaagTests;
				PRODUCT_NAME = "$(TARGET_NAME)";
				SWIFT_VERSION = 4.0;
				TARGETED_DEVICE_FAMILY = "1,2";
				TEST_HOST = "$(BUILT_PRODUCTS_DIR)/Snaag.app/Snaag";
			};
			name = Release;
		};
		6FA4012820B605330096E4B2 /* Debug */ = {
			isa = XCBuildConfiguration;
			buildSettings = {
				ALWAYS_EMBED_SWIFT_STANDARD_LIBRARIES = YES;
				CODE_SIGN_STYLE = Automatic;
				DEVELOPMENT_TEAM = QGJ2DCJ7TA;
				INFOPLIST_FILE = SnaagUITests/Info.plist;
				LD_RUNPATH_SEARCH_PATHS = (
					"$(inherited)",
					"@executable_path/Frameworks",
					"@loader_path/Frameworks",
				);
				PRODUCT_BUNDLE_IDENTIFIER = jaremylongley.SnaagUITests;
				PRODUCT_NAME = "$(TARGET_NAME)";
				SWIFT_VERSION = 4.0;
				TARGETED_DEVICE_FAMILY = "1,2";
				TEST_TARGET_NAME = Snaag;
			};
			name = Debug;
		};
		6FA4012920B605330096E4B2 /* Release */ = {
			isa = XCBuildConfiguration;
			buildSettings = {
				ALWAYS_EMBED_SWIFT_STANDARD_LIBRARIES = YES;
				CODE_SIGN_STYLE = Automatic;
				DEVELOPMENT_TEAM = QGJ2DCJ7TA;
				INFOPLIST_FILE = SnaagUITests/Info.plist;
				LD_RUNPATH_SEARCH_PATHS = (
					"$(inherited)",
					"@executable_path/Frameworks",
					"@loader_path/Frameworks",
				);
				PRODUCT_BUNDLE_IDENTIFIER = jaremylongley.SnaagUITests;
				PRODUCT_NAME = "$(TARGET_NAME)";
				SWIFT_VERSION = 4.0;
				TARGETED_DEVICE_FAMILY = "1,2";
				TEST_TARGET_NAME = Snaag;
			};
			name = Release;
		};
/* End XCBuildConfiguration section */

/* Begin XCConfigurationList section */
		6FA400F220B605310096E4B2 /* Build configuration list for PBXProject "Snaag" */ = {
			isa = XCConfigurationList;
			buildConfigurations = (
				6FA4011F20B605330096E4B2 /* Debug */,
				6FA4012020B605330096E4B2 /* Release */,
			);
			defaultConfigurationIsVisible = 0;
			defaultConfigurationName = Release;
		};
		6FA4012120B605330096E4B2 /* Build configuration list for PBXNativeTarget "Snaag" */ = {
			isa = XCConfigurationList;
			buildConfigurations = (
				6FA4012220B605330096E4B2 /* Debug */,
				6FA4012320B605330096E4B2 /* Release */,
			);
			defaultConfigurationIsVisible = 0;
			defaultConfigurationName = Release;
		};
		6FA4012420B605330096E4B2 /* Build configuration list for PBXNativeTarget "SnaagTests" */ = {
			isa = XCConfigurationList;
			buildConfigurations = (
				6FA4012520B605330096E4B2 /* Debug */,
				6FA4012620B605330096E4B2 /* Release */,
			);
			defaultConfigurationIsVisible = 0;
			defaultConfigurationName = Release;
		};
		6FA4012720B605330096E4B2 /* Build configuration list for PBXNativeTarget "SnaagUITests" */ = {
			isa = XCConfigurationList;
			buildConfigurations = (
				6FA4012820B605330096E4B2 /* Debug */,
				6FA4012920B605330096E4B2 /* Release */,
			);
			defaultConfigurationIsVisible = 0;
			defaultConfigurationName = Release;
		};
/* End XCConfigurationList section */
	};
	rootObject = 6FA400EF20B605310096E4B2 /* Project object */;
}
